
Microsoft Visual Studio Solution File, Format Version 12.00
# Visual Studio Version 17
VisualStudioVersion = 17.8.34316.72
MinimumVisualStudioVersion = 10.0.40219.1
Project("{9A19103F-16F7-4668-BE54-9A1E7A4F7556}") = "Images.ExifData", "Images.ExifData\Images.ExifData.csproj", "{32F67104-5297-4463-99A1-462360CACA6B}"
EndProject
Project("{9A19103F-16F7-4668-BE54-9A1E7A4F7556}") = "Images.LoadExif", "Images.LoadExif\Images.LoadExif.csproj", "{DBF63275-DFAF-428E-B561-344E347AFECE}"
EndProject
Project("{9A19103F-16F7-4668-BE54-9A1E7A4F7556}") = "Images.DatabaseObjects", "Images.DatabaseObjects\Images.DatabaseObjects.csproj", "{C2DCE9FA-67B8-4556-B54A-797A1BDB92CA}"
EndProject
Project("{FAE04EC0-301F-11D3-BF4B-00C04F79EFBC}") = "Images.ModelBuilding", "Images.ModelBuilding\Images.ModelBuilding.csproj", "{4BB4129B-1DF6-4AC9-97A3-B4A0DBD31AEF}"
EndProject
Global
	GlobalSection(SolutionConfigurationPlatforms) = preSolution
		Debug|Any CPU = Debug|Any CPU
		Release|Any CPU = Release|Any CPU
	EndGlobalSection
	GlobalSection(ProjectConfigurationPlatforms) = postSolution
		{32F67104-5297-4463-99A1-462360CACA6B}.Debug|Any CPU.ActiveCfg = Debug|Any CPU
		{32F67104-5297-4463-99A1-462360CACA6B}.Debug|Any CPU.Build.0 = Debug|Any CPU
		{32F67104-5297-4463-99A1-462360CACA6B}.Release|Any CPU.ActiveCfg = Release|Any CPU
		{32F67104-5297-4463-99A1-462360CACA6B}.Release|Any CPU.Build.0 = Release|Any CPU
		{DBF63275-DFAF-428E-B561-344E347AFECE}.Debug|Any CPU.ActiveCfg = Debug|Any CPU
		{DBF63275-DFAF-428E-B561-344E347AFECE}.Debug|Any CPU.Build.0 = Debug|Any CPU
		{DBF63275-DFAF-428E-B561-344E347AFECE}.Release|Any CPU.ActiveCfg = Release|Any CPU
		{DBF63275-DFAF-428E-B561-344E347AFECE}.Release|Any CPU.Build.0 = Release|Any CPU
		{C2DCE9FA-67B8-4556-B54A-797A1BDB92CA}.Debug|Any CPU.ActiveCfg = Debug|Any CPU
		{C2DCE9FA-67B8-4556-B54A-797A1BDB92CA}.Debug|Any CPU.Build.0 = Debug|Any CPU
		{C2DCE9FA-67B8-4556-B54A-797A1BDB92CA}.Release|Any CPU.ActiveCfg = Release|Any CPU
		{C2DCE9FA-67B8-4556-B54A-797A1BDB92CA}.Release|Any CPU.Build.0 = Release|Any CPU
		{4BB4129B-1DF6-4AC9-97A3-B4A0DBD31AEF}.Debug|Any CPU.ActiveCfg = Debug|Any CPU
		{4BB4129B-1DF6-4AC9-97A3-B4A0DBD31AEF}.Debug|Any CPU.Build.0 = Debug|Any CPU
		{4BB4129B-1DF6-4AC9-97A3-B4A0DBD31AEF}.Release|Any CPU.ActiveCfg = Release|Any CPU
		{4BB4129B-1DF6-4AC9-97A3-B4A0DBD31AEF}.Release|Any CPU.Build.0 = Release|Any CPU
	EndGlobalSection
	GlobalSection(SolutionProperties) = preSolution
		HideSolutionNode = FALSE
	EndGlobalSection
	GlobalSection(ExtensibilityGlobals) = postSolution
		SolutionGuid = {2761B6F9-42AD-415C-A40B-AE19AB3044C9}
	EndGlobalSection
EndGlobal
